// !$*UTF8*$!
{
	archiveVersion = 1;
	classes = {
	};
	objectVersion = 46;
	objects = {

/* Begin PBXBuildFile section */
		3B19AB6A0F883FAAD87E04E3 /* Pods_Bliss_Recruitment_AppUITests.framework in Frameworks */ = {isa = PBXBuildFile; fileRef = 81D76A31D9309A488DC34A69 /* Pods_Bliss_Recruitment_AppUITests.framework */; };
		805C31CA1ED5D48000A6CA6A /* AppDelegate.swift in Sources */ = {isa = PBXBuildFile; fileRef = 805C31C91ED5D48000A6CA6A /* AppDelegate.swift */; };
		805C31CC1ED5D48000A6CA6A /* QuestionListController.swift in Sources */ = {isa = PBXBuildFile; fileRef = 805C31CB1ED5D48000A6CA6A /* QuestionListController.swift */; };
		805C31D11ED5D48000A6CA6A /* Assets.xcassets in Resources */ = {isa = PBXBuildFile; fileRef = 805C31D01ED5D48000A6CA6A /* Assets.xcassets */; };
		805C31D41ED5D48000A6CA6A /* LaunchScreen.storyboard in Resources */ = {isa = PBXBuildFile; fileRef = 805C31D21ED5D48000A6CA6A /* LaunchScreen.storyboard */; };
		805C31DF1ED5D48000A6CA6A /* Bliss_Recruitment_AppTests.swift in Sources */ = {isa = PBXBuildFile; fileRef = 805C31DE1ED5D48000A6CA6A /* Bliss_Recruitment_AppTests.swift */; };
		805C31EA1ED5D48000A6CA6A /* Bliss_Recruitment_AppUITests.swift in Sources */ = {isa = PBXBuildFile; fileRef = 805C31E91ED5D48000A6CA6A /* Bliss_Recruitment_AppUITests.swift */; };
		805C31FC1ED5DA7700A6CA6A /* QuestionDetailController.swift in Sources */ = {isa = PBXBuildFile; fileRef = 805C31FB1ED5DA7700A6CA6A /* QuestionDetailController.swift */; };
		805C31FE1ED5DC2C00A6CA6A /* QuestionListCellView.swift in Sources */ = {isa = PBXBuildFile; fileRef = 805C31FD1ED5DC2C00A6CA6A /* QuestionListCellView.swift */; };
		805C32001ED5DD4400A6CA6A /* Extensions.swift in Sources */ = {isa = PBXBuildFile; fileRef = 805C31FF1ED5DD4400A6CA6A /* Extensions.swift */; };
		805C32021ED6003700A6CA6A /* BlissApi.swift in Sources */ = {isa = PBXBuildFile; fileRef = 805C32011ED6003700A6CA6A /* BlissApi.swift */; };
		805C32041ED6DC0500A6CA6A /* Question.swift in Sources */ = {isa = PBXBuildFile; fileRef = 805C32031ED6DC0500A6CA6A /* Question.swift */; };
		805C32061ED70C9600A6CA6A /* Choice.swift in Sources */ = {isa = PBXBuildFile; fileRef = 805C32051ED70C9600A6CA6A /* Choice.swift */; };
		805C32081ED71EC200A6CA6A /* ChoiceCellView.swift in Sources */ = {isa = PBXBuildFile; fileRef = 805C32071ED71EC200A6CA6A /* ChoiceCellView.swift */; };
		805C320A1ED723E800A6CA6A /* VoteProtocol.swift in Sources */ = {isa = PBXBuildFile; fileRef = 805C32091ED723E800A6CA6A /* VoteProtocol.swift */; };
		805C320C1ED7316600A6CA6A /* LoadingController.swift in Sources */ = {isa = PBXBuildFile; fileRef = 805C320B1ED7316600A6CA6A /* LoadingController.swift */; };
		805C320E1ED755CF00A6CA6A /* ShareController.swift in Sources */ = {isa = PBXBuildFile; fileRef = 805C320D1ED755CF00A6CA6A /* ShareController.swift */; };
		805C32101ED7702400A6CA6A /* AlertHelper.swift in Sources */ = {isa = PBXBuildFile; fileRef = 805C320F1ED7702400A6CA6A /* AlertHelper.swift */; };
		C74CD45B0682F31A837E5AAB /* Pods_Bliss_Recruitment_AppTests.framework in Frameworks */ = {isa = PBXBuildFile; fileRef = D54F0EFD92A86F9E1E541882 /* Pods_Bliss_Recruitment_AppTests.framework */; };
		CC2EC092A4F57FE76E3AD21E /* Pods_Bliss_Recruitment_App.framework in Frameworks */ = {isa = PBXBuildFile; fileRef = BBC510B8096C39DCF7ACB940 /* Pods_Bliss_Recruitment_App.framework */; };
/* End PBXBuildFile section */

/* Begin PBXContainerItemProxy section */
		805C31DB1ED5D48000A6CA6A /* PBXContainerItemProxy */ = {
			isa = PBXContainerItemProxy;
			containerPortal = 805C31BE1ED5D48000A6CA6A /* Project object */;
			proxyType = 1;
			remoteGlobalIDString = 805C31C51ED5D48000A6CA6A;
			remoteInfo = "Bliss Recruitment App";
		};
		805C31E61ED5D48000A6CA6A /* PBXContainerItemProxy */ = {
			isa = PBXContainerItemProxy;
			containerPortal = 805C31BE1ED5D48000A6CA6A /* Project object */;
			proxyType = 1;
			remoteGlobalIDString = 805C31C51ED5D48000A6CA6A;
			remoteInfo = "Bliss Recruitment App";
		};
/* End PBXContainerItemProxy section */

/* Begin PBXFileReference section */
		20BE2A5DA7EE7982EC8F0073 /* Pods-Bliss Recruitment AppTests.debug.xcconfig */ = {isa = PBXFileReference; includeInIndex = 1; lastKnownFileType = text.xcconfig; name = "Pods-Bliss Recruitment AppTests.debug.xcconfig"; path = "Pods/Target Support Files/Pods-Bliss Recruitment AppTests/Pods-Bliss Recruitment AppTests.debug.xcconfig"; sourceTree = "<group>"; };
		4C560E606F83026A786B28AA /* Pods-Bliss Recruitment AppUITests.release.xcconfig */ = {isa = PBXFileReference; includeInIndex = 1; lastKnownFileType = text.xcconfig; name = "Pods-Bliss Recruitment AppUITests.release.xcconfig"; path = "Pods/Target Support Files/Pods-Bliss Recruitment AppUITests/Pods-Bliss Recruitment AppUITests.release.xcconfig"; sourceTree = "<group>"; };
		805C31C61ED5D48000A6CA6A /* Bliss Recruitment App.app */ = {isa = PBXFileReference; explicitFileType = wrapper.application; includeInIndex = 0; path = "Bliss Recruitment App.app"; sourceTree = BUILT_PRODUCTS_DIR; };
		805C31C91ED5D48000A6CA6A /* AppDelegate.swift */ = {isa = PBXFileReference; lastKnownFileType = sourcecode.swift; path = AppDelegate.swift; sourceTree = "<group>"; };
		805C31CB1ED5D48000A6CA6A /* QuestionListController.swift */ = {isa = PBXFileReference; lastKnownFileType = sourcecode.swift; path = QuestionListController.swift; sourceTree = "<group>"; };
		805C31D01ED5D48000A6CA6A /* Assets.xcassets */ = {isa = PBXFileReference; lastKnownFileType = folder.assetcatalog; path = Assets.xcassets; sourceTree = "<group>"; };
		805C31D31ED5D48000A6CA6A /* Base */ = {isa = PBXFileReference; lastKnownFileType = file.storyboard; name = Base; path = Base.lproj/LaunchScreen.storyboard; sourceTree = "<group>"; };
		805C31D51ED5D48000A6CA6A /* Info.plist */ = {isa = PBXFileReference; lastKnownFileType = text.plist.xml; path = Info.plist; sourceTree = "<group>"; };
		805C31DA1ED5D48000A6CA6A /* Bliss Recruitment AppTests.xctest */ = {isa = PBXFileReference; explicitFileType = wrapper.cfbundle; includeInIndex = 0; path = "Bliss Recruitment AppTests.xctest"; sourceTree = BUILT_PRODUCTS_DIR; };
		805C31DE1ED5D48000A6CA6A /* Bliss_Recruitment_AppTests.swift */ = {isa = PBXFileReference; lastKnownFileType = sourcecode.swift; path = Bliss_Recruitment_AppTests.swift; sourceTree = "<group>"; };
		805C31E01ED5D48000A6CA6A /* Info.plist */ = {isa = PBXFileReference; lastKnownFileType = text.plist.xml; path = Info.plist; sourceTree = "<group>"; };
		805C31E51ED5D48000A6CA6A /* Bliss Recruitment AppUITests.xctest */ = {isa = PBXFileReference; explicitFileType = wrapper.cfbundle; includeInIndex = 0; path = "Bliss Recruitment AppUITests.xctest"; sourceTree = BUILT_PRODUCTS_DIR; };
		805C31E91ED5D48000A6CA6A /* Bliss_Recruitment_AppUITests.swift */ = {isa = PBXFileReference; lastKnownFileType = sourcecode.swift; path = Bliss_Recruitment_AppUITests.swift; sourceTree = "<group>"; };
		805C31EB1ED5D48000A6CA6A /* Info.plist */ = {isa = PBXFileReference; lastKnownFileType = text.plist.xml; path = Info.plist; sourceTree = "<group>"; };
		805C31FB1ED5DA7700A6CA6A /* QuestionDetailController.swift */ = {isa = PBXFileReference; fileEncoding = 4; lastKnownFileType = sourcecode.swift; path = QuestionDetailController.swift; sourceTree = "<group>"; };
		805C31FD1ED5DC2C00A6CA6A /* QuestionListCellView.swift */ = {isa = PBXFileReference; fileEncoding = 4; lastKnownFileType = sourcecode.swift; path = QuestionListCellView.swift; sourceTree = "<group>"; };
		805C31FF1ED5DD4400A6CA6A /* Extensions.swift */ = {isa = PBXFileReference; fileEncoding = 4; lastKnownFileType = sourcecode.swift; path = Extensions.swift; sourceTree = "<group>"; };
		805C32011ED6003700A6CA6A /* BlissApi.swift */ = {isa = PBXFileReference; fileEncoding = 4; lastKnownFileType = sourcecode.swift; path = BlissApi.swift; sourceTree = "<group>"; };
		805C32031ED6DC0500A6CA6A /* Question.swift */ = {isa = PBXFileReference; fileEncoding = 4; lastKnownFileType = sourcecode.swift; path = Question.swift; sourceTree = "<group>"; };
		805C32051ED70C9600A6CA6A /* Choice.swift */ = {isa = PBXFileReference; fileEncoding = 4; lastKnownFileType = sourcecode.swift; path = Choice.swift; sourceTree = "<group>"; };
		805C32071ED71EC200A6CA6A /* ChoiceCellView.swift */ = {isa = PBXFileReference; fileEncoding = 4; lastKnownFileType = sourcecode.swift; path = ChoiceCellView.swift; sourceTree = "<group>"; };
		805C32091ED723E800A6CA6A /* VoteProtocol.swift */ = {isa = PBXFileReference; fileEncoding = 4; lastKnownFileType = sourcecode.swift; path = VoteProtocol.swift; sourceTree = "<group>"; };
		805C320B1ED7316600A6CA6A /* LoadingController.swift */ = {isa = PBXFileReference; fileEncoding = 4; lastKnownFileType = sourcecode.swift; path = LoadingController.swift; sourceTree = "<group>"; };
		805C320D1ED755CF00A6CA6A /* ShareController.swift */ = {isa = PBXFileReference; fileEncoding = 4; lastKnownFileType = sourcecode.swift; path = ShareController.swift; sourceTree = "<group>"; };
		805C320F1ED7702400A6CA6A /* AlertHelper.swift */ = {isa = PBXFileReference; fileEncoding = 4; lastKnownFileType = sourcecode.swift; path = AlertHelper.swift; sourceTree = "<group>"; };
		81D76A31D9309A488DC34A69 /* Pods_Bliss_Recruitment_AppUITests.framework */ = {isa = PBXFileReference; explicitFileType = wrapper.framework; includeInIndex = 0; path = Pods_Bliss_Recruitment_AppUITests.framework; sourceTree = BUILT_PRODUCTS_DIR; };
		82347516DA0BBEA4D9FE932B /* Pods-Bliss Recruitment AppUITests.debug.xcconfig */ = {isa = PBXFileReference; includeInIndex = 1; lastKnownFileType = text.xcconfig; name = "Pods-Bliss Recruitment AppUITests.debug.xcconfig"; path = "Pods/Target Support Files/Pods-Bliss Recruitment AppUITests/Pods-Bliss Recruitment AppUITests.debug.xcconfig"; sourceTree = "<group>"; };
		9A4EBF5FEE8695D4675F2BBA /* Pods-Bliss Recruitment App.release.xcconfig */ = {isa = PBXFileReference; includeInIndex = 1; lastKnownFileType = text.xcconfig; name = "Pods-Bliss Recruitment App.release.xcconfig"; path = "Pods/Target Support Files/Pods-Bliss Recruitment App/Pods-Bliss Recruitment App.release.xcconfig"; sourceTree = "<group>"; };
		B4BCFA032CB209085EA6B97C /* Pods-Bliss Recruitment App.debug.xcconfig */ = {isa = PBXFileReference; includeInIndex = 1; lastKnownFileType = text.xcconfig; name = "Pods-Bliss Recruitment App.debug.xcconfig"; path = "Pods/Target Support Files/Pods-Bliss Recruitment App/Pods-Bliss Recruitment App.debug.xcconfig"; sourceTree = "<group>"; };
		BAEE2866F22704DA9CD39333 /* Pods-Bliss Recruitment AppTests.release.xcconfig */ = {isa = PBXFileReference; includeInIndex = 1; lastKnownFileType = text.xcconfig; name = "Pods-Bliss Recruitment AppTests.release.xcconfig"; path = "Pods/Target Support Files/Pods-Bliss Recruitment AppTests/Pods-Bliss Recruitment AppTests.release.xcconfig"; sourceTree = "<group>"; };
		BBC510B8096C39DCF7ACB940 /* Pods_Bliss_Recruitment_App.framework */ = {isa = PBXFileReference; explicitFileType = wrapper.framework; includeInIndex = 0; path = Pods_Bliss_Recruitment_App.framework; sourceTree = BUILT_PRODUCTS_DIR; };
		D54F0EFD92A86F9E1E541882 /* Pods_Bliss_Recruitment_AppTests.framework */ = {isa = PBXFileReference; explicitFileType = wrapper.framework; includeInIndex = 0; path = Pods_Bliss_Recruitment_AppTests.framework; sourceTree = BUILT_PRODUCTS_DIR; };
/* End PBXFileReference section */

/* Begin PBXFrameworksBuildPhase section */
		805C31C31ED5D48000A6CA6A /* Frameworks */ = {
			isa = PBXFrameworksBuildPhase;
			buildActionMask = 2147483647;
			files = (
				CC2EC092A4F57FE76E3AD21E /* Pods_Bliss_Recruitment_App.framework in Frameworks */,
			);
			runOnlyForDeploymentPostprocessing = 0;
		};
		805C31D71ED5D48000A6CA6A /* Frameworks */ = {
			isa = PBXFrameworksBuildPhase;
			buildActionMask = 2147483647;
			files = (
				C74CD45B0682F31A837E5AAB /* Pods_Bliss_Recruitment_AppTests.framework in Frameworks */,
			);
			runOnlyForDeploymentPostprocessing = 0;
		};
		805C31E21ED5D48000A6CA6A /* Frameworks */ = {
			isa = PBXFrameworksBuildPhase;
			buildActionMask = 2147483647;
			files = (
				3B19AB6A0F883FAAD87E04E3 /* Pods_Bliss_Recruitment_AppUITests.framework in Frameworks */,
			);
			runOnlyForDeploymentPostprocessing = 0;
		};
/* End PBXFrameworksBuildPhase section */

/* Begin PBXGroup section */
		805C31BD1ED5D48000A6CA6A = {
			isa = PBXGroup;
			children = (
				805C31C81ED5D48000A6CA6A /* Bliss Recruitment App */,
				805C31DD1ED5D48000A6CA6A /* Bliss Recruitment AppTests */,
				805C31E81ED5D48000A6CA6A /* Bliss Recruitment AppUITests */,
				805C31C71ED5D48000A6CA6A /* Products */,
				C6E9F167108491C4279CE337 /* Pods */,
				D07DF82ED59053336A3C168E /* Frameworks */,
			);
			sourceTree = "<group>";
		};
		805C31C71ED5D48000A6CA6A /* Products */ = {
			isa = PBXGroup;
			children = (
				805C31C61ED5D48000A6CA6A /* Bliss Recruitment App.app */,
				805C31DA1ED5D48000A6CA6A /* Bliss Recruitment AppTests.xctest */,
				805C31E51ED5D48000A6CA6A /* Bliss Recruitment AppUITests.xctest */,
			);
			name = Products;
			sourceTree = "<group>";
		};
		805C31C81ED5D48000A6CA6A /* Bliss Recruitment App */ = {
			isa = PBXGroup;
			children = (
				805C31F71ED5D5D900A6CA6A /* API */,
				805C31F81ED5D5DF00A6CA6A /* Model */,
				805C31FA1ED5D5F800A6CA6A /* View */,
				805C31F91ED5D5E500A6CA6A /* Controller */,
				805C31C91ED5D48000A6CA6A /* AppDelegate.swift */,
				805C31D01ED5D48000A6CA6A /* Assets.xcassets */,
				805C31D21ED5D48000A6CA6A /* LaunchScreen.storyboard */,
				805C31D51ED5D48000A6CA6A /* Info.plist */,
				805C31FF1ED5DD4400A6CA6A /* Extensions.swift */,
				805C32091ED723E800A6CA6A /* VoteProtocol.swift */,
				805C320F1ED7702400A6CA6A /* AlertHelper.swift */,
			);
			path = "Bliss Recruitment App";
			sourceTree = "<group>";
		};
		805C31DD1ED5D48000A6CA6A /* Bliss Recruitment AppTests */ = {
			isa = PBXGroup;
			children = (
				805C31DE1ED5D48000A6CA6A /* Bliss_Recruitment_AppTests.swift */,
				805C31E01ED5D48000A6CA6A /* Info.plist */,
			);
			path = "Bliss Recruitment AppTests";
			sourceTree = "<group>";
		};
		805C31E81ED5D48000A6CA6A /* Bliss Recruitment AppUITests */ = {
			isa = PBXGroup;
			children = (
				805C31E91ED5D48000A6CA6A /* Bliss_Recruitment_AppUITests.swift */,
				805C31EB1ED5D48000A6CA6A /* Info.plist */,
			);
			path = "Bliss Recruitment AppUITests";
			sourceTree = "<group>";
		};
		805C31F71ED5D5D900A6CA6A /* API */ = {
			isa = PBXGroup;
			children = (
				805C32011ED6003700A6CA6A /* BlissApi.swift */,
			);
			name = API;
			sourceTree = "<group>";
		};
		805C31F81ED5D5DF00A6CA6A /* Model */ = {
			isa = PBXGroup;
			children = (
				805C32031ED6DC0500A6CA6A /* Question.swift */,
				805C32051ED70C9600A6CA6A /* Choice.swift */,
			);
			name = Model;
			sourceTree = "<group>";
		};
		805C31F91ED5D5E500A6CA6A /* Controller */ = {
			isa = PBXGroup;
			children = (
				805C31CB1ED5D48000A6CA6A /* QuestionListController.swift */,
				805C31FB1ED5DA7700A6CA6A /* QuestionDetailController.swift */,
				805C320B1ED7316600A6CA6A /* LoadingController.swift */,
				805C320D1ED755CF00A6CA6A /* ShareController.swift */,
			);
			name = Controller;
			sourceTree = "<group>";
		};
		805C31FA1ED5D5F800A6CA6A /* View */ = {
			isa = PBXGroup;
			children = (
				805C31FD1ED5DC2C00A6CA6A /* QuestionListCellView.swift */,
				805C32071ED71EC200A6CA6A /* ChoiceCellView.swift */,
			);
			name = View;
			sourceTree = "<group>";
		};
		C6E9F167108491C4279CE337 /* Pods */ = {
			isa = PBXGroup;
			children = (
				B4BCFA032CB209085EA6B97C /* Pods-Bliss Recruitment App.debug.xcconfig */,
				9A4EBF5FEE8695D4675F2BBA /* Pods-Bliss Recruitment App.release.xcconfig */,
				20BE2A5DA7EE7982EC8F0073 /* Pods-Bliss Recruitment AppTests.debug.xcconfig */,
				BAEE2866F22704DA9CD39333 /* Pods-Bliss Recruitment AppTests.release.xcconfig */,
				82347516DA0BBEA4D9FE932B /* Pods-Bliss Recruitment AppUITests.debug.xcconfig */,
				4C560E606F83026A786B28AA /* Pods-Bliss Recruitment AppUITests.release.xcconfig */,
			);
			name = Pods;
			sourceTree = "<group>";
		};
		D07DF82ED59053336A3C168E /* Frameworks */ = {
			isa = PBXGroup;
			children = (
				BBC510B8096C39DCF7ACB940 /* Pods_Bliss_Recruitment_App.framework */,
				D54F0EFD92A86F9E1E541882 /* Pods_Bliss_Recruitment_AppTests.framework */,
				81D76A31D9309A488DC34A69 /* Pods_Bliss_Recruitment_AppUITests.framework */,
			);
			name = Frameworks;
			sourceTree = "<group>";
		};
/* End PBXGroup section */

/* Begin PBXNativeTarget section */
		805C31C51ED5D48000A6CA6A /* Bliss Recruitment App */ = {
			isa = PBXNativeTarget;
			buildConfigurationList = 805C31EE1ED5D48000A6CA6A /* Build configuration list for PBXNativeTarget "Bliss Recruitment App" */;
			buildPhases = (
				5C3FC7F8470F4DAA2FF3A568 /* [CP] Check Pods Manifest.lock */,
				805C31C21ED5D48000A6CA6A /* Sources */,
				805C31C31ED5D48000A6CA6A /* Frameworks */,
				805C31C41ED5D48000A6CA6A /* Resources */,
				5B2313848F3B7BE454F9CE97 /* [CP] Embed Pods Frameworks */,
				6B21FC86EBA846FDE298A804 /* [CP] Copy Pods Resources */,
			);
			buildRules = (
			);
			dependencies = (
			);
			name = "Bliss Recruitment App";
			productName = "Bliss Recruitment App";
			productReference = 805C31C61ED5D48000A6CA6A /* Bliss Recruitment App.app */;
			productType = "com.apple.product-type.application";
		};
		805C31D91ED5D48000A6CA6A /* Bliss Recruitment AppTests */ = {
			isa = PBXNativeTarget;
			buildConfigurationList = 805C31F11ED5D48000A6CA6A /* Build configuration list for PBXNativeTarget "Bliss Recruitment AppTests" */;
			buildPhases = (
				E32F2111E1CF4A8C2042BAA6 /* [CP] Check Pods Manifest.lock */,
				805C31D61ED5D48000A6CA6A /* Sources */,
				805C31D71ED5D48000A6CA6A /* Frameworks */,
				805C31D81ED5D48000A6CA6A /* Resources */,
				50A0F9CCADB551D11A135F11 /* [CP] Embed Pods Frameworks */,
				8C487DA764A42014369EEDCF /* [CP] Copy Pods Resources */,
			);
			buildRules = (
			);
			dependencies = (
				805C31DC1ED5D48000A6CA6A /* PBXTargetDependency */,
			);
			name = "Bliss Recruitment AppTests";
			productName = "Bliss Recruitment AppTests";
			productReference = 805C31DA1ED5D48000A6CA6A /* Bliss Recruitment AppTests.xctest */;
			productType = "com.apple.product-type.bundle.unit-test";
		};
		805C31E41ED5D48000A6CA6A /* Bliss Recruitment AppUITests */ = {
			isa = PBXNativeTarget;
			buildConfigurationList = 805C31F41ED5D48000A6CA6A /* Build configuration list for PBXNativeTarget "Bliss Recruitment AppUITests" */;
			buildPhases = (
				640C6DA2422E5EA4FE41467C /* [CP] Check Pods Manifest.lock */,
				805C31E11ED5D48000A6CA6A /* Sources */,
				805C31E21ED5D48000A6CA6A /* Frameworks */,
				805C31E31ED5D48000A6CA6A /* Resources */,
				6E81E2EB88564ACB2E0E4418 /* [CP] Embed Pods Frameworks */,
				4F824689F4FE5B659DB23CCA /* [CP] Copy Pods Resources */,
			);
			buildRules = (
			);
			dependencies = (
				805C31E71ED5D48000A6CA6A /* PBXTargetDependency */,
			);
			name = "Bliss Recruitment AppUITests";
			productName = "Bliss Recruitment AppUITests";
			productReference = 805C31E51ED5D48000A6CA6A /* Bliss Recruitment AppUITests.xctest */;
			productType = "com.apple.product-type.bundle.ui-testing";
		};
/* End PBXNativeTarget section */

/* Begin PBXProject section */
		805C31BE1ED5D48000A6CA6A /* Project object */ = {
			isa = PBXProject;
			attributes = {
				LastSwiftUpdateCheck = 0820;
				LastUpgradeCheck = 0820;
				ORGANIZATIONNAME = LuisMachado;
				TargetAttributes = {
					805C31C51ED5D48000A6CA6A = {
						CreatedOnToolsVersion = 8.2.1;
						DevelopmentTeam = MJHBLUH3VK;
						ProvisioningStyle = Automatic;
					};
					805C31D91ED5D48000A6CA6A = {
						CreatedOnToolsVersion = 8.2.1;
						DevelopmentTeam = MJHBLUH3VK;
						ProvisioningStyle = Automatic;
						TestTargetID = 805C31C51ED5D48000A6CA6A;
					};
					805C31E41ED5D48000A6CA6A = {
						CreatedOnToolsVersion = 8.2.1;
						DevelopmentTeam = MJHBLUH3VK;
						ProvisioningStyle = Automatic;
						TestTargetID = 805C31C51ED5D48000A6CA6A;
					};
				};
			};
			buildConfigurationList = 805C31C11ED5D48000A6CA6A /* Build configuration list for PBXProject "Bliss Recruitment App" */;
			compatibilityVersion = "Xcode 3.2";
			developmentRegion = English;
			hasScannedForEncodings = 0;
			knownRegions = (
				en,
				Base,
			);
			mainGroup = 805C31BD1ED5D48000A6CA6A;
			productRefGroup = 805C31C71ED5D48000A6CA6A /* Products */;
			projectDirPath = "";
			projectRoot = "";
			targets = (
				805C31C51ED5D48000A6CA6A /* Bliss Recruitment App */,
				805C31D91ED5D48000A6CA6A /* Bliss Recruitment AppTests */,
				805C31E41ED5D48000A6CA6A /* Bliss Recruitment AppUITests */,
			);
		};
/* End PBXProject section */

/* Begin PBXResourcesBuildPhase section */
		805C31C41ED5D48000A6CA6A /* Resources */ = {
			isa = PBXResourcesBuildPhase;
			buildActionMask = 2147483647;
			files = (
				805C31D41ED5D48000A6CA6A /* LaunchScreen.storyboard in Resources */,
				805C31D11ED5D48000A6CA6A /* Assets.xcassets in Resources */,
			);
			runOnlyForDeploymentPostprocessing = 0;
		};
		805C31D81ED5D48000A6CA6A /* Resources */ = {
			isa = PBXResourcesBuildPhase;
			buildActionMask = 2147483647;
			files = (
			);
			runOnlyForDeploymentPostprocessing = 0;
		};
		805C31E31ED5D48000A6CA6A /* Resources */ = {
			isa = PBXResourcesBuildPhase;
			buildActionMask = 2147483647;
			files = (
			);
			runOnlyForDeploymentPostprocessing = 0;
		};
/* End PBXResourcesBuildPhase section */

/* Begin PBXShellScriptBuildPhase section */
		4F824689F4FE5B659DB23CCA /* [CP] Copy Pods Resources */ = {
			isa = PBXShellScriptBuildPhase;
			buildActionMask = 2147483647;
			files = (
			);
			inputPaths = (
			);
			name = "[CP] Copy Pods Resources";
			outputPaths = (
			);
			runOnlyForDeploymentPostprocessing = 0;
			shellPath = /bin/sh;
			shellScript = "\"${SRCROOT}/Pods/Target Support Files/Pods-Bliss Recruitment AppUITests/Pods-Bliss Recruitment AppUITests-resources.sh\"\n";
			showEnvVarsInLog = 0;
		};
		50A0F9CCADB551D11A135F11 /* [CP] Embed Pods Frameworks */ = {
			isa = PBXShellScriptBuildPhase;
			buildActionMask = 2147483647;
			files = (
			);
			inputPaths = (
			);
			name = "[CP] Embed Pods Frameworks";
			outputPaths = (
			);
			runOnlyForDeploymentPostprocessing = 0;
			shellPath = /bin/sh;
			shellScript = "\"${SRCROOT}/Pods/Target Support Files/Pods-Bliss Recruitment AppTests/Pods-Bliss Recruitment AppTests-frameworks.sh\"\n";
			showEnvVarsInLog = 0;
		};
		5B2313848F3B7BE454F9CE97 /* [CP] Embed Pods Frameworks */ = {
			isa = PBXShellScriptBuildPhase;
			buildActionMask = 2147483647;
			files = (
			);
			inputPaths = (
			);
			name = "[CP] Embed Pods Frameworks";
			outputPaths = (
			);
			runOnlyForDeploymentPostprocessing = 0;
			shellPath = /bin/sh;
			shellScript = "\"${SRCROOT}/Pods/Target Support Files/Pods-Bliss Recruitment App/Pods-Bliss Recruitment App-frameworks.sh\"\n";
			showEnvVarsInLog = 0;
		};
		5C3FC7F8470F4DAA2FF3A568 /* [CP] Check Pods Manifest.lock */ = {
			isa = PBXShellScriptBuildPhase;
			buildActionMask = 2147483647;
			files = (
			);
			inputPaths = (
			);
			name = "[CP] Check Pods Manifest.lock";
			outputPaths = (
			);
			runOnlyForDeploymentPostprocessing = 0;
			shellPath = /bin/sh;
			shellScript = "diff \"${PODS_ROOT}/../Podfile.lock\" \"${PODS_ROOT}/Manifest.lock\" > /dev/null\nif [ $? != 0 ] ; then\n    # print error to STDERR\n    echo \"error: The sandbox is not in sync with the Podfile.lock. Run 'pod install' or update your CocoaPods installation.\" >&2\n    exit 1\nfi\n";
			showEnvVarsInLog = 0;
		};
		640C6DA2422E5EA4FE41467C /* [CP] Check Pods Manifest.lock */ = {
			isa = PBXShellScriptBuildPhase;
			buildActionMask = 2147483647;
			files = (
			);
			inputPaths = (
			);
			name = "[CP] Check Pods Manifest.lock";
			outputPaths = (
			);
			runOnlyForDeploymentPostprocessing = 0;
			shellPath = /bin/sh;
			shellScript = "diff \"${PODS_ROOT}/../Podfile.lock\" \"${PODS_ROOT}/Manifest.lock\" > /dev/null\nif [ $? != 0 ] ; then\n    # print error to STDERR\n    echo \"error: The sandbox is not in sync with the Podfile.lock. Run 'pod install' or update your CocoaPods installation.\" >&2\n    exit 1\nfi\n";
			showEnvVarsInLog = 0;
		};
		6B21FC86EBA846FDE298A804 /* [CP] Copy Pods Resources */ = {
			isa = PBXShellScriptBuildPhase;
			buildActionMask = 2147483647;
			files = (
			);
			inputPaths = (
			);
			name = "[CP] Copy Pods Resources";
			outputPaths = (
			);
			runOnlyForDeploymentPostprocessing = 0;
			shellPath = /bin/sh;
			shellScript = "\"${SRCROOT}/Pods/Target Support Files/Pods-Bliss Recruitment App/Pods-Bliss Recruitment App-resources.sh\"\n";
			showEnvVarsInLog = 0;
		};
		6E81E2EB88564ACB2E0E4418 /* [CP] Embed Pods Frameworks */ = {
			isa = PBXShellScriptBuildPhase;
			buildActionMask = 2147483647;
			files = (
			);
			inputPaths = (
			);
			name = "[CP] Embed Pods Frameworks";
			outputPaths = (
			);
			runOnlyForDeploymentPostprocessing = 0;
			shellPath = /bin/sh;
			shellScript = "\"${SRCROOT}/Pods/Target Support Files/Pods-Bliss Recruitment AppUITests/Pods-Bliss Recruitment AppUITests-frameworks.sh\"\n";
			showEnvVarsInLog = 0;
		};
		8C487DA764A42014369EEDCF /* [CP] Copy Pods Resources */ = {
			isa = PBXShellScriptBuildPhase;
			buildActionMask = 2147483647;
			files = (
			);
			inputPaths = (
			);
			name = "[CP] Copy Pods Resources";
			outputPaths = (
			);
			runOnlyForDeploymentPostprocessing = 0;
			shellPath = /bin/sh;
			shellScript = "\"${SRCROOT}/Pods/Target Support Files/Pods-Bliss Recruitment AppTests/Pods-Bliss Recruitment AppTests-resources.sh\"\n";
			showEnvVarsInLog = 0;
		};
		E32F2111E1CF4A8C2042BAA6 /* [CP] Check Pods Manifest.lock */ = {
			isa = PBXShellScriptBuildPhase;
			buildActionMask = 2147483647;
			files = (
			);
			inputPaths = (
			);
			name = "[CP] Check Pods Manifest.lock";
			outputPaths = (
			);
			runOnlyForDeploymentPostprocessing = 0;
			shellPath = /bin/sh;
			shellScript = "diff \"${PODS_ROOT}/../Podfile.lock\" \"${PODS_ROOT}/Manifest.lock\" > /dev/null\nif [ $? != 0 ] ; then\n    # print error to STDERR\n    echo \"error: The sandbox is not in sync with the Podfile.lock. Run 'pod install' or update your CocoaPods installation.\" >&2\n    exit 1\nfi\n";
			showEnvVarsInLog = 0;
		};
/* End PBXShellScriptBuildPhase section */

/* Begin PBXSourcesBuildPhase section */
		805C31C21ED5D48000A6CA6A /* Sources */ = {
			isa = PBXSourcesBuildPhase;
			buildActionMask = 2147483647;
			files = (
				805C32101ED7702400A6CA6A /* AlertHelper.swift in Sources */,
				805C32081ED71EC200A6CA6A /* ChoiceCellView.swift in Sources */,
				805C32001ED5DD4400A6CA6A /* Extensions.swift in Sources */,
				805C31FE1ED5DC2C00A6CA6A /* QuestionListCellView.swift in Sources */,
				805C320E1ED755CF00A6CA6A /* ShareController.swift in Sources */,
				805C320C1ED7316600A6CA6A /* LoadingController.swift in Sources */,
				805C32061ED70C9600A6CA6A /* Choice.swift in Sources */,
				805C31CC1ED5D48000A6CA6A /* QuestionListController.swift in Sources */,
				805C31FC1ED5DA7700A6CA6A /* QuestionDetailController.swift in Sources */,
				805C32021ED6003700A6CA6A /* BlissApi.swift in Sources */,
				805C320A1ED723E800A6CA6A /* VoteProtocol.swift in Sources */,
				805C32041ED6DC0500A6CA6A /* Question.swift in Sources */,
				805C31CA1ED5D48000A6CA6A /* AppDelegate.swift in Sources */,
			);
			runOnlyForDeploymentPostprocessing = 0;
		};
		805C31D61ED5D48000A6CA6A /* Sources */ = {
			isa = PBXSourcesBuildPhase;
			buildActionMask = 2147483647;
			files = (
				805C31DF1ED5D48000A6CA6A /* Bliss_Recruitment_AppTests.swift in Sources */,
			);
			runOnlyForDeploymentPostprocessing = 0;
		};
		805C31E11ED5D48000A6CA6A /* Sources */ = {
			isa = PBXSourcesBuildPhase;
			buildActionMask = 2147483647;
			files = (
				805C31EA1ED5D48000A6CA6A /* Bliss_Recruitment_AppUITests.swift in Sources */,
			);
			runOnlyForDeploymentPostprocessing = 0;
		};
/* End PBXSourcesBuildPhase section */

/* Begin PBXTargetDependency section */
		805C31DC1ED5D48000A6CA6A /* PBXTargetDependency */ = {
			isa = PBXTargetDependency;
			target = 805C31C51ED5D48000A6CA6A /* Bliss Recruitment App */;
			targetProxy = 805C31DB1ED5D48000A6CA6A /* PBXContainerItemProxy */;
		};
		805C31E71ED5D48000A6CA6A /* PBXTargetDependency */ = {
			isa = PBXTargetDependency;
			target = 805C31C51ED5D48000A6CA6A /* Bliss Recruitment App */;
			targetProxy = 805C31E61ED5D48000A6CA6A /* PBXContainerItemProxy */;
		};
/* End PBXTargetDependency section */

/* Begin PBXVariantGroup section */
		805C31D21ED5D48000A6CA6A /* LaunchScreen.storyboard */ = {
			isa = PBXVariantGroup;
			children = (
				805C31D31ED5D48000A6CA6A /* Base */,
			);
			name = LaunchScreen.storyboard;
			sourceTree = "<group>";
		};
/* End PBXVariantGroup section */

/* Begin XCBuildConfiguration section */
		805C31EC1ED5D48000A6CA6A /* Debug */ = {
			isa = XCBuildConfiguration;
			buildSettings = {
				ALWAYS_SEARCH_USER_PATHS = NO;
				CLANG_ANALYZER_NONNULL = YES;
				CLANG_CXX_LANGUAGE_STANDARD = "gnu++0x";
				CLANG_CXX_LIBRARY = "libc++";
				CLANG_ENABLE_MODULES = YES;
				CLANG_ENABLE_OBJC_ARC = YES;
				CLANG_WARN_BOOL_CONVERSION = YES;
				CLANG_WARN_CONSTANT_CONVERSION = YES;
				CLANG_WARN_DIRECT_OBJC_ISA_USAGE = YES_ERROR;
				CLANG_WARN_DOCUMENTATION_COMMENTS = YES;
				CLANG_WARN_EMPTY_BODY = YES;
				CLANG_WARN_ENUM_CONVERSION = YES;
				CLANG_WARN_INFINITE_RECURSION = YES;
				CLANG_WARN_INT_CONVERSION = YES;
				CLANG_WARN_OBJC_ROOT_CLASS = YES_ERROR;
				CLANG_WARN_SUSPICIOUS_MOVE = YES;
				CLANG_WARN_UNREACHABLE_CODE = YES;
				CLANG_WARN__DUPLICATE_METHOD_MATCH = YES;
				"CODE_SIGN_IDENTITY[sdk=iphoneos*]" = "iPhone Developer";
				COPY_PHASE_STRIP = NO;
				DEBUG_INFORMATION_FORMAT = dwarf;
				ENABLE_STRICT_OBJC_MSGSEND = YES;
				ENABLE_TESTABILITY = YES;
				GCC_C_LANGUAGE_STANDARD = gnu99;
				GCC_DYNAMIC_NO_PIC = NO;
				GCC_NO_COMMON_BLOCKS = YES;
				GCC_OPTIMIZATION_LEVEL = 0;
				GCC_PREPROCESSOR_DEFINITIONS = (
					"DEBUG=1",
					"$(inherited)",
				);
				GCC_WARN_64_TO_32_BIT_CONVERSION = YES;
				GCC_WARN_ABOUT_RETURN_TYPE = YES_ERROR;
				GCC_WARN_UNDECLARED_SELECTOR = YES;
				GCC_WARN_UNINITIALIZED_AUTOS = YES_AGGRESSIVE;
				GCC_WARN_UNUSED_FUNCTION = YES;
				GCC_WARN_UNUSED_VARIABLE = YES;
				IPHONEOS_DEPLOYMENT_TARGET = 10.2;
				MTL_ENABLE_DEBUG_INFO = YES;
				ONLY_ACTIVE_ARCH = YES;
				SDKROOT = iphoneos;
				SWIFT_ACTIVE_COMPILATION_CONDITIONS = DEBUG;
				SWIFT_OPTIMIZATION_LEVEL = "-Onone";
			};
			name = Debug;
		};
		805C31ED1ED5D48000A6CA6A /* Release */ = {
			isa = XCBuildConfiguration;
			buildSettings = {
				ALWAYS_SEARCH_USER_PATHS = NO;
				CLANG_ANALYZER_NONNULL = YES;
				CLANG_CXX_LANGUAGE_STANDARD = "gnu++0x";
				CLANG_CXX_LIBRARY = "libc++";
				CLANG_ENABLE_MODULES = YES;
				CLANG_ENABLE_OBJC_ARC = YES;
				CLANG_WARN_BOOL_CONVERSION = YES;
				CLANG_WARN_CONSTANT_CONVERSION = YES;
				CLANG_WARN_DIRECT_OBJC_ISA_USAGE = YES_ERROR;
				CLANG_WARN_DOCUMENTATION_COMMENTS = YES;
				CLANG_WARN_EMPTY_BODY = YES;
				CLANG_WARN_ENUM_CONVERSION = YES;
				CLANG_WARN_INFINITE_RECURSION = YES;
				CLANG_WARN_INT_CONVERSION = YES;
				CLANG_WARN_OBJC_ROOT_CLASS = YES_ERROR;
				CLANG_WARN_SUSPICIOUS_MOVE = YES;
				CLANG_WARN_UNREACHABLE_CODE = YES;
				CLANG_WARN__DUPLICATE_METHOD_MATCH = YES;
				"CODE_SIGN_IDENTITY[sdk=iphoneos*]" = "iPhone Developer";
				COPY_PHASE_STRIP = NO;
				DEBUG_INFORMATION_FORMAT = "dwarf-with-dsym";
				ENABLE_NS_ASSERTIONS = NO;
				ENABLE_STRICT_OBJC_MSGSEND = YES;
				GCC_C_LANGUAGE_STANDARD = gnu99;
				GCC_NO_COMMON_BLOCKS = YES;
				GCC_WARN_64_TO_32_BIT_CONVERSION = YES;
				GCC_WARN_ABOUT_RETURN_TYPE = YES_ERROR;
				GCC_WARN_UNDECLARED_SELECTOR = YES;
				GCC_WARN_UNINITIALIZED_AUTOS = YES_AGGRESSIVE;
				GCC_WARN_UNUSED_FUNCTION = YES;
				GCC_WARN_UNUSED_VARIABLE = YES;
				IPHONEOS_DEPLOYMENT_TARGET = 10.2;
				MTL_ENABLE_DEBUG_INFO = NO;
				SDKROOT = iphoneos;
				SWIFT_OPTIMIZATION_LEVEL = "-Owholemodule";
				VALIDATE_PRODUCT = YES;
			};
			name = Release;
		};
		805C31EF1ED5D48000A6CA6A /* Debug */ = {
			isa = XCBuildConfiguration;
			baseConfigurationReference = B4BCFA032CB209085EA6B97C /* Pods-Bliss Recruitment App.debug.xcconfig */;
			buildSettings = {
				ASSETCATALOG_COMPILER_APPICON_NAME = AppIcon;
				DEVELOPMENT_TEAM = MJHBLUH3VK;
				INFOPLIST_FILE = "Bliss Recruitment App/Info.plist";
				IPHONEOS_DEPLOYMENT_TARGET = 9.0;
				LD_RUNPATH_SEARCH_PATHS = "$(inherited) @executable_path/Frameworks";
				PRODUCT_BUNDLE_IDENTIFIER = "com.luismachado.Bliss-Recruitment-App";
				PRODUCT_NAME = "$(TARGET_NAME)";
				SWIFT_VERSION = 3.0;
			};
			name = Debug;
		};
		805C31F01ED5D48000A6CA6A /* Release */ = {
			isa = XCBuildConfiguration;
			baseConfigurationReference = 9A4EBF5FEE8695D4675F2BBA /* Pods-Bliss Recruitment App.release.xcconfig */;
			buildSettings = {
				ASSETCATALOG_COMPILER_APPICON_NAME = AppIcon;
				DEVELOPMENT_TEAM = MJHBLUH3VK;
				INFOPLIST_FILE = "Bliss Recruitment App/Info.plist";
				IPHONEOS_DEPLOYMENT_TARGET = 9.0;
				LD_RUNPATH_SEARCH_PATHS = "$(inherited) @executable_path/Frameworks";
				PRODUCT_BUNDLE_IDENTIFIER = "com.luismachado.Bliss-Recruitment-App";
				PRODUCT_NAME = "$(TARGET_NAME)";
				SWIFT_VERSION = 3.0;
			};
			name = Release;
		};
		805C31F21ED5D48000A6CA6A /* Debug */ = {
			isa = XCBuildConfiguration;
			baseConfigurationReference = 20BE2A5DA7EE7982EC8F0073 /* Pods-Bliss Recruitment AppTests.debug.xcconfig */;
			buildSettings = {
				ALWAYS_EMBED_SWIFT_STANDARD_LIBRARIES = YES;
				BUNDLE_LOADER = "$(TEST_HOST)";
				DEVELOPMENT_TEAM = MJHBLUH3VK;
				INFOPLIST_FILE = "Bliss Recruitment AppTests/Info.plist";
				LD_RUNPATH_SEARCH_PATHS = "$(inherited) @executable_path/Frameworks @loader_path/Frameworks";
				PRODUCT_BUNDLE_IDENTIFIER = "com.luismachado.Bliss-Recruitment-AppTests";
				PRODUCT_NAME = "$(TARGET_NAME)";
				SWIFT_VERSION = 3.0;
				TEST_HOST = "$(BUILT_PRODUCTS_DIR)/Bliss Recruitment App.app/Bliss Recruitment App";
			};
			name = Debug;
		};
		805C31F31ED5D48000A6CA6A /* Release */ = {
			isa = XCBuildConfiguration;
			baseConfigurationReference = BAEE2866F22704DA9CD39333 /* Pods-Bliss Recruitment AppTests.release.xcconfig */;
			buildSettings = {
				ALWAYS_EMBED_SWIFT_STANDARD_LIBRARIES = YES;
				BUNDLE_LOADER = "$(TEST_HOST)";
				DEVELOPMENT_TEAM = MJHBLUH3VK;
				INFOPLIST_FILE = "Bliss Recruitment AppTests/Info.plist";
				LD_RUNPATH_SEARCH_PATHS = "$(inherited) @executable_path/Frameworks @loader_path/Frameworks";
				PRODUCT_BUNDLE_IDENTIFIER = "com.luismachado.Bliss-Recruitment-AppTests";
				PRODUCT_NAME = "$(TARGET_NAME)";
				SWIFT_VERSION = 3.0;
				TEST_HOST = "$(BUILT_PRODUCTS_DIR)/Bliss Recruitment App.app/Bliss Recruitment App";
			};
			name = Release;
		};
		805C31F51ED5D48000A6CA6A /* Debug */ = {
			isa = XCBuildConfiguration;
			baseConfigurationReference = 82347516DA0BBEA4D9FE932B /* Pods-Bliss Recruitment AppUITests.debug.xcconfig */;
			buildSettings = {
				ALWAYS_EMBED_SWIFT_STANDARD_LIBRARIES = YES;
				DEVELOPMENT_TEAM = MJHBLUH3VK;
				INFOPLIST_FILE = "Bliss Recruitment AppUITests/Info.plist";
				LD_RUNPATH_SEARCH_PATHS = "$(inherited) @executable_path/Frameworks @loader_path/Frameworks";
				PRODUCT_BUNDLE_IDENTIFIER = "com.luismachado.Bliss-Recruitment-AppUITests";
				PRODUCT_NAME = "$(TARGET_NAME)";
				SWIFT_VERSION = 3.0;
				TEST_TARGET_NAME = "Bliss Recruitment App";
			};
			name = Debug;
		};
		805C31F61ED5D48000A6CA6A /* Release */ = {
			isa = XCBuildConfiguration;
			baseConfigurationReference = 4C560E606F83026A786B28AA /* Pods-Bliss Recruitment AppUITests.release.xcconfig */;
			buildSettings = {
				ALWAYS_EMBED_SWIFT_STANDARD_LIBRARIES = YES;
				DEVELOPMENT_TEAM = MJHBLUH3VK;
				INFOPLIST_FILE = "Bliss Recruitment AppUITests/Info.plist";
				LD_RUNPATH_SEARCH_PATHS = "$(inherited) @executable_path/Frameworks @loader_path/Frameworks";
				PRODUCT_BUNDLE_IDENTIFIER = "com.luismachado.Bliss-Recruitment-AppUITests";
				PRODUCT_NAME = "$(TARGET_NAME)";
				SWIFT_VERSION = 3.0;
				TEST_TARGET_NAME = "Bliss Recruitment App";
			};
			name = Release;
		};
/* End XCBuildConfiguration section */

/* Begin XCConfigurationList section */
		805C31C11ED5D48000A6CA6A /* Build configuration list for PBXProject "Bliss Recruitment App" */ = {
			isa = XCConfigurationList;
			buildConfigurations = (
				805C31EC1ED5D48000A6CA6A /* Debug */,
				805C31ED1ED5D48000A6CA6A /* Release */,
			);
			defaultConfigurationIsVisible = 0;
			defaultConfigurationName = Release;
		};
		805C31EE1ED5D48000A6CA6A /* Build configuration list for PBXNativeTarget "Bliss Recruitment App" */ = {
			isa = XCConfigurationList;
			buildConfigurations = (
				805C31EF1ED5D48000A6CA6A /* Debug */,
				805C31F01ED5D48000A6CA6A /* Release */,
			);
			defaultConfigurationIsVisible = 0;
			defaultConfigurationName = Release;
		};
		805C31F11ED5D48000A6CA6A /* Build configuration list for PBXNativeTarget "Bliss Recruitment AppTests" */ = {
			isa = XCConfigurationList;
			buildConfigurations = (
				805C31F21ED5D48000A6CA6A /* Debug */,
				805C31F31ED5D48000A6CA6A /* Release */,
			);
			defaultConfigurationIsVisible = 0;
			defaultConfigurationName = Release;
		};
		805C31F41ED5D48000A6CA6A /* Build configuration list for PBXNativeTarget "Bliss Recruitment AppUITests" */ = {
			isa = XCConfigurationList;
			buildConfigurations = (
				805C31F51ED5D48000A6CA6A /* Debug */,
				805C31F61ED5D48000A6CA6A /* Release */,
			);
			defaultConfigurationIsVisible = 0;
			defaultConfigurationName = Release;
		};
/* End XCConfigurationList section */
	};
	rootObject = 805C31BE1ED5D48000A6CA6A /* Project object */;
}
